
Microsoft Visual Studio Solution File, Format Version 12.00
# Visual Studio Version 17
VisualStudioVersion = 17.2.32516.85
MinimumVisualStudioVersion = 10.0.40219.1
Project("{9A19103F-16F7-4668-BE54-9A1E7A4F7556}") = "ApplicationPractical", "ApplicationPractical\ApplicationPractical.csproj", "{0E465567-3804-4201-8A34-0E363C89342D}"
EndProject
Project("{9A19103F-16F7-4668-BE54-9A1E7A4F7556}") = "ApplicationPractical.Service", "ApplicationPractical.Service\ApplicationPractical.Service.csproj", "{D6C9C492-1FCF-4D81-85B0-8E775FF39885}"
EndProject
Project("{FAE04EC0-301F-11D3-BF4B-00C04F79EFBC}") = "ApplicationPractical.Common", "ApplicationPractical.Common\ApplicationPractical.Common.csproj", "{2DD12B4C-8B48-4C4C-9F00-3F51F4DAABE2}"
EndProject
Project("{FAE04EC0-301F-11D3-BF4B-00C04F79EFBC}") = "ApplicationPractical.Data", "ApplicationPractical.Data\ApplicationPractical.Data.csproj", "{0430A9E3-CABF-44F1-9763-6C9CF399A9E3}"
EndProject
Global
	GlobalSection(SolutionConfigurationPlatforms) = preSolution
		Debug|Any CPU = Debug|Any CPU
		Release|Any CPU = Release|Any CPU
	EndGlobalSection
	GlobalSection(ProjectConfigurationPlatforms) = postSolution
		{0E465567-3804-4201-8A34-0E363C89342D}.Debug|Any CPU.ActiveCfg = Debug|Any CPU
		{0E465567-3804-4201-8A34-0E363C89342D}.Debug|Any CPU.Build.0 = Debug|Any CPU
		{0E465567-3804-4201-8A34-0E363C89342D}.Release|Any CPU.ActiveCfg = Release|Any CPU
		{0E465567-3804-4201-8A34-0E363C89342D}.Release|Any CPU.Build.0 = Release|Any CPU
		{D6C9C492-1FCF-4D81-85B0-8E775FF39885}.Debug|Any CPU.ActiveCfg = Debug|Any CPU
		{D6C9C492-1FCF-4D81-85B0-8E775FF39885}.Debug|Any CPU.Build.0 = Debug|Any CPU
		{D6C9C492-1FCF-4D81-85B0-8E775FF39885}.Release|Any CPU.ActiveCfg = Release|Any CPU
		{D6C9C492-1FCF-4D81-85B0-8E775FF39885}.Release|Any CPU.Build.0 = Release|Any CPU
		{2DD12B4C-8B48-4C4C-9F00-3F51F4DAABE2}.Debug|Any CPU.ActiveCfg = Debug|Any CPU
		{2DD12B4C-8B48-4C4C-9F00-3F51F4DAABE2}.Debug|Any CPU.Build.0 = Debug|Any CPU
		{2DD12B4C-8B48-4C4C-9F00-3F51F4DAABE2}.Release|Any CPU.ActiveCfg = Release|Any CPU
		{2DD12B4C-8B48-4C4C-9F00-3F51F4DAABE2}.Release|Any CPU.Build.0 = Release|Any CPU
		{0430A9E3-CABF-44F1-9763-6C9CF399A9E3}.Debug|Any CPU.ActiveCfg = Debug|Any CPU
		{0430A9E3-CABF-44F1-9763-6C9CF399A9E3}.Debug|Any CPU.Build.0 = Debug|Any CPU
		{0430A9E3-CABF-44F1-9763-6C9CF399A9E3}.Release|Any CPU.ActiveCfg = Release|Any CPU
		{0430A9E3-CABF-44F1-9763-6C9CF399A9E3}.Release|Any CPU.Build.0 = Release|Any CPU
	EndGlobalSection
	GlobalSection(SolutionProperties) = preSolution
		HideSolutionNode = FALSE
	EndGlobalSection
	GlobalSection(ExtensibilityGlobals) = postSolution
		SolutionGuid = {938E21A9-969F-4C4C-B613-E6108C3AE5D3}
	EndGlobalSection
EndGlobal
